// !$*UTF8*$!
{
	archiveVersion = 1;
	classes = {
	};
	objectVersion = 50;
	objects = {

/* Begin PBXBuildFile section */
		DE27977D2690D193001BBE36 /* ErrorTests.swift in Sources */ = {isa = PBXBuildFile; fileRef = DE27977C2690D193001BBE36 /* ErrorTests.swift */; };
		DE4382AB26914C9500C0C928 /* WideButtonStyle.swift in Sources */ = {isa = PBXBuildFile; fileRef = DE4382AA26914C9500C0C928 /* WideButtonStyle.swift */; };
		DE4A49782690EC7C00941525 /* LICENSE in Resources */ = {isa = PBXBuildFile; fileRef = DE4A49772690EC7B00941525 /* LICENSE */; };
		DE4A497A2690EC8900941525 /* README.md in Resources */ = {isa = PBXBuildFile; fileRef = DE4A49792690EC8900941525 /* README.md */; };
		DE51C99B269155F1009191F5 /* PlusMinusButtonsView.swift in Sources */ = {isa = PBXBuildFile; fileRef = DE51C99A269155F1009191F5 /* PlusMinusButtonsView.swift */; };
		DE51C99D26915B99009191F5 /* PowerMuteButtonsView.swift in Sources */ = {isa = PBXBuildFile; fileRef = DE51C99C26915B99009191F5 /* PowerMuteButtonsView.swift */; };
		DE649D342690C3F300B83BF6 /* RemyApp.swift in Sources */ = {isa = PBXBuildFile; fileRef = DE649D332690C3F300B83BF6 /* RemyApp.swift */; };
		DE649D362690C3F300B83BF6 /* ContentView.swift in Sources */ = {isa = PBXBuildFile; fileRef = DE649D352690C3F300B83BF6 /* ContentView.swift */; };
		DE649D382690C3F400B83BF6 /* Assets.xcassets in Resources */ = {isa = PBXBuildFile; fileRef = DE649D372690C3F400B83BF6 /* Assets.xcassets */; };
		DE649D3B2690C3F400B83BF6 /* Preview Assets.xcassets in Resources */ = {isa = PBXBuildFile; fileRef = DE649D3A2690C3F400B83BF6 /* Preview Assets.xcassets */; };
		DE649D512690C3F400B83BF6 /* RemyUITests.swift in Sources */ = {isa = PBXBuildFile; fileRef = DE649D502690C3F400B83BF6 /* RemyUITests.swift */; };
		DE75E76326919AAD002421C5 /* SettingsViewModifier.swift in Sources */ = {isa = PBXBuildFile; fileRef = DE75E76226919AAD002421C5 /* SettingsViewModifier.swift */; };
		DE91764B26916A7500EE9212 /* AudioView.swift in Sources */ = {isa = PBXBuildFile; fileRef = DE91764A26916A7500EE9212 /* AudioView.swift */; };
		DE91764D26916F8400EE9212 /* AudioViewTests.swift in Sources */ = {isa = PBXBuildFile; fileRef = DE91764C26916F8400EE9212 /* AudioViewTests.swift */; };
		DE91764F2691715500EE9212 /* SettingsView.swift in Sources */ = {isa = PBXBuildFile; fileRef = DE91764E2691715500EE9212 /* SettingsView.swift */; };
		DE9176512691868900EE9212 /* UIApplicationExtension.swift in Sources */ = {isa = PBXBuildFile; fileRef = DE9176502691868900EE9212 /* UIApplicationExtension.swift */; };
		DEA195F62690E5F000E77AFE /* FileUtilTests.swift in Sources */ = {isa = PBXBuildFile; fileRef = DEA195F52690E5F000E77AFE /* FileUtilTests.swift */; };
		DEA195F82690E61E00E77AFE /* FileUtil.swift in Sources */ = {isa = PBXBuildFile; fileRef = DEA195F72690E61E00E77AFE /* FileUtil.swift */; };
		DEA195FA2690E6B200E77AFE /* TVResponseTests.swift in Sources */ = {isa = PBXBuildFile; fileRef = DEA195F92690E6B200E77AFE /* TVResponseTests.swift */; };
		DEA195FC2690E6C700E77AFE /* TVResponse.swift in Sources */ = {isa = PBXBuildFile; fileRef = DEA195FB2690E6C700E77AFE /* TVResponse.swift */; };
		DEA195FE2690E72C00E77AFE /* TVService.swift in Sources */ = {isa = PBXBuildFile; fileRef = DEA195FD2690E72C00E77AFE /* TVService.swift */; };
		DEA196002690E75200E77AFE /* TVServiceTests.swift in Sources */ = {isa = PBXBuildFile; fileRef = DEA195FF2690E75200E77AFE /* TVServiceTests.swift */; };
		DEA196082690E80200E77AFE /* SettingsModel.swift in Sources */ = {isa = PBXBuildFile; fileRef = DEA196052690E80200E77AFE /* SettingsModel.swift */; };
		DEA1960C2690E82F00E77AFE /* TVServiceError.swift in Sources */ = {isa = PBXBuildFile; fileRef = DEA1960B2690E82F00E77AFE /* TVServiceError.swift */; };
		DEA1960E2690E85100E77AFE /* Logger.swift in Sources */ = {isa = PBXBuildFile; fileRef = DEA1960D2690E85100E77AFE /* Logger.swift */; };
		DEA196102690E89C00E77AFE /* TVServiceErrorTests.swift in Sources */ = {isa = PBXBuildFile; fileRef = DEA1960F2690E89C00E77AFE /* TVServiceErrorTests.swift */; };
		DEA196122690E98000E77AFE /* AudioMonitor.swift in Sources */ = {isa = PBXBuildFile; fileRef = DEA196112690E98000E77AFE /* AudioMonitor.swift */; };
		DED3FB1A2690F37B00248463 /* BigButtonStyle.swift in Sources */ = {isa = PBXBuildFile; fileRef = DED3FB192690F37B00248463 /* BigButtonStyle.swift */; };
/* End PBXBuildFile section */

/* Begin PBXContainerItemProxy section */
		DE649D422690C3F400B83BF6 /* PBXContainerItemProxy */ = {
			isa = PBXContainerItemProxy;
			containerPortal = DE649D282690C3F300B83BF6 /* Project object */;
			proxyType = 1;
			remoteGlobalIDString = DE649D2F2690C3F300B83BF6;
			remoteInfo = Remy;
		};
		DE649D4D2690C3F400B83BF6 /* PBXContainerItemProxy */ = {
			isa = PBXContainerItemProxy;
			containerPortal = DE649D282690C3F300B83BF6 /* Project object */;
			proxyType = 1;
			remoteGlobalIDString = DE649D2F2690C3F300B83BF6;
			remoteInfo = Remy;
		};
/* End PBXContainerItemProxy section */

/* Begin PBXFileReference section */
		DE27977C2690D193001BBE36 /* ErrorTests.swift */ = {isa = PBXFileReference; fileEncoding = 4; lastKnownFileType = sourcecode.swift; path = ErrorTests.swift; sourceTree = "<group>"; };
		DE4382AA26914C9500C0C928 /* WideButtonStyle.swift */ = {isa = PBXFileReference; lastKnownFileType = sourcecode.swift; path = WideButtonStyle.swift; sourceTree = "<group>"; };
		DE4A49772690EC7B00941525 /* LICENSE */ = {isa = PBXFileReference; fileEncoding = 4; lastKnownFileType = text; path = LICENSE; sourceTree = "<group>"; };
		DE4A49792690EC8900941525 /* README.md */ = {isa = PBXFileReference; fileEncoding = 4; lastKnownFileType = net.daringfireball.markdown; path = README.md; sourceTree = "<group>"; };
		DE51C99A269155F1009191F5 /* PlusMinusButtonsView.swift */ = {isa = PBXFileReference; lastKnownFileType = sourcecode.swift; path = PlusMinusButtonsView.swift; sourceTree = "<group>"; };
		DE51C99C26915B99009191F5 /* PowerMuteButtonsView.swift */ = {isa = PBXFileReference; lastKnownFileType = sourcecode.swift; path = PowerMuteButtonsView.swift; sourceTree = "<group>"; };
		DE649D302690C3F300B83BF6 /* Remy.app */ = {isa = PBXFileReference; explicitFileType = wrapper.application; includeInIndex = 0; path = Remy.app; sourceTree = BUILT_PRODUCTS_DIR; };
		DE649D332690C3F300B83BF6 /* RemyApp.swift */ = {isa = PBXFileReference; lastKnownFileType = sourcecode.swift; path = RemyApp.swift; sourceTree = "<group>"; };
		DE649D352690C3F300B83BF6 /* ContentView.swift */ = {isa = PBXFileReference; lastKnownFileType = sourcecode.swift; path = ContentView.swift; sourceTree = "<group>"; };
		DE649D372690C3F400B83BF6 /* Assets.xcassets */ = {isa = PBXFileReference; lastKnownFileType = folder.assetcatalog; path = Assets.xcassets; sourceTree = "<group>"; };
		DE649D3A2690C3F400B83BF6 /* Preview Assets.xcassets */ = {isa = PBXFileReference; lastKnownFileType = folder.assetcatalog; path = "Preview Assets.xcassets"; sourceTree = "<group>"; };
		DE649D3C2690C3F400B83BF6 /* Info.plist */ = {isa = PBXFileReference; lastKnownFileType = text.plist.xml; path = Info.plist; sourceTree = "<group>"; };
		DE649D412690C3F400B83BF6 /* RemyTests.xctest */ = {isa = PBXFileReference; explicitFileType = wrapper.cfbundle; includeInIndex = 0; path = RemyTests.xctest; sourceTree = BUILT_PRODUCTS_DIR; };
		DE649D472690C3F400B83BF6 /* Info.plist */ = {isa = PBXFileReference; lastKnownFileType = text.plist.xml; path = Info.plist; sourceTree = "<group>"; };
		DE649D4C2690C3F400B83BF6 /* RemyUITests.xctest */ = {isa = PBXFileReference; explicitFileType = wrapper.cfbundle; includeInIndex = 0; path = RemyUITests.xctest; sourceTree = BUILT_PRODUCTS_DIR; };
		DE649D502690C3F400B83BF6 /* RemyUITests.swift */ = {isa = PBXFileReference; lastKnownFileType = sourcecode.swift; path = RemyUITests.swift; sourceTree = "<group>"; };
		DE649D522690C3F400B83BF6 /* Info.plist */ = {isa = PBXFileReference; lastKnownFileType = text.plist.xml; path = Info.plist; sourceTree = "<group>"; };
		DE75E76226919AAD002421C5 /* SettingsViewModifier.swift */ = {isa = PBXFileReference; lastKnownFileType = sourcecode.swift; path = SettingsViewModifier.swift; sourceTree = "<group>"; };
		DE91764A26916A7500EE9212 /* AudioView.swift */ = {isa = PBXFileReference; lastKnownFileType = sourcecode.swift; path = AudioView.swift; sourceTree = "<group>"; };
		DE91764C26916F8400EE9212 /* AudioViewTests.swift */ = {isa = PBXFileReference; lastKnownFileType = sourcecode.swift; path = AudioViewTests.swift; sourceTree = "<group>"; };
		DE91764E2691715500EE9212 /* SettingsView.swift */ = {isa = PBXFileReference; lastKnownFileType = sourcecode.swift; path = SettingsView.swift; sourceTree = "<group>"; };
		DE9176502691868900EE9212 /* UIApplicationExtension.swift */ = {isa = PBXFileReference; lastKnownFileType = sourcecode.swift; path = UIApplicationExtension.swift; sourceTree = "<group>"; };
		DEA195F52690E5F000E77AFE /* FileUtilTests.swift */ = {isa = PBXFileReference; fileEncoding = 4; lastKnownFileType = sourcecode.swift; path = FileUtilTests.swift; sourceTree = "<group>"; };
		DEA195F72690E61E00E77AFE /* FileUtil.swift */ = {isa = PBXFileReference; fileEncoding = 4; lastKnownFileType = sourcecode.swift; path = FileUtil.swift; sourceTree = "<group>"; };
		DEA195F92690E6B200E77AFE /* TVResponseTests.swift */ = {isa = PBXFileReference; fileEncoding = 4; lastKnownFileType = sourcecode.swift; path = TVResponseTests.swift; sourceTree = "<group>"; };
		DEA195FB2690E6C700E77AFE /* TVResponse.swift */ = {isa = PBXFileReference; fileEncoding = 4; lastKnownFileType = sourcecode.swift; path = TVResponse.swift; sourceTree = "<group>"; };
		DEA195FD2690E72C00E77AFE /* TVService.swift */ = {isa = PBXFileReference; fileEncoding = 4; lastKnownFileType = sourcecode.swift; name = TVService.swift; path = Remy/TVService.swift; sourceTree = SOURCE_ROOT; };
		DEA195FF2690E75200E77AFE /* TVServiceTests.swift */ = {isa = PBXFileReference; fileEncoding = 4; lastKnownFileType = sourcecode.swift; path = TVServiceTests.swift; sourceTree = "<group>"; };
		DEA196052690E80200E77AFE /* SettingsModel.swift */ = {isa = PBXFileReference; fileEncoding = 4; lastKnownFileType = sourcecode.swift; path = SettingsModel.swift; sourceTree = "<group>"; };
		DEA1960B2690E82F00E77AFE /* TVServiceError.swift */ = {isa = PBXFileReference; fileEncoding = 4; lastKnownFileType = sourcecode.swift; path = TVServiceError.swift; sourceTree = "<group>"; };
		DEA1960D2690E85100E77AFE /* Logger.swift */ = {isa = PBXFileReference; fileEncoding = 4; lastKnownFileType = sourcecode.swift; path = Logger.swift; sourceTree = "<group>"; };
		DEA1960F2690E89C00E77AFE /* TVServiceErrorTests.swift */ = {isa = PBXFileReference; fileEncoding = 4; lastKnownFileType = sourcecode.swift; path = TVServiceErrorTests.swift; sourceTree = "<group>"; };
		DEA196112690E98000E77AFE /* AudioMonitor.swift */ = {isa = PBXFileReference; fileEncoding = 4; lastKnownFileType = sourcecode.swift; path = AudioMonitor.swift; sourceTree = "<group>"; };
		DED3FB192690F37B00248463 /* BigButtonStyle.swift */ = {isa = PBXFileReference; lastKnownFileType = sourcecode.swift; path = BigButtonStyle.swift; sourceTree = "<group>"; };
/* End PBXFileReference section */

/* Begin PBXFrameworksBuildPhase section */
		DE649D2D2690C3F300B83BF6 /* Frameworks */ = {
			isa = PBXFrameworksBuildPhase;
			buildActionMask = 2147483647;
			files = (
			);
			runOnlyForDeploymentPostprocessing = 0;
		};
		DE649D3E2690C3F400B83BF6 /* Frameworks */ = {
			isa = PBXFrameworksBuildPhase;
			buildActionMask = 2147483647;
			files = (
			);
			runOnlyForDeploymentPostprocessing = 0;
		};
		DE649D492690C3F400B83BF6 /* Frameworks */ = {
			isa = PBXFrameworksBuildPhase;
			buildActionMask = 2147483647;
			files = (
			);
			runOnlyForDeploymentPostprocessing = 0;
		};
/* End PBXFrameworksBuildPhase section */

/* Begin PBXGroup section */
		DE4382AC26914EF300C0C928 /* ButtonStyles */ = {
			isa = PBXGroup;
			children = (
				DED3FB192690F37B00248463 /* BigButtonStyle.swift */,
				DE4382AA26914C9500C0C928 /* WideButtonStyle.swift */,
			);
			path = ButtonStyles;
			sourceTree = "<group>";
		};
		DE649D272690C3F300B83BF6 = {
			isa = PBXGroup;
			children = (
				DE4A49772690EC7B00941525 /* LICENSE */,
				DE4A49792690EC8900941525 /* README.md */,
				DE649D322690C3F300B83BF6 /* Remy */,
				DE649D442690C3F400B83BF6 /* RemyTests */,
				DE649D4F2690C3F400B83BF6 /* RemyUITests */,
				DE649D312690C3F300B83BF6 /* Products */,
			);
			sourceTree = "<group>";
		};
		DE649D312690C3F300B83BF6 /* Products */ = {
			isa = PBXGroup;
			children = (
				DE649D302690C3F300B83BF6 /* Remy.app */,
				DE649D412690C3F400B83BF6 /* RemyTests.xctest */,
				DE649D4C2690C3F400B83BF6 /* RemyUITests.xctest */,
			);
			name = Products;
			sourceTree = "<group>";
		};
		DE649D322690C3F300B83BF6 /* Remy */ = {
			isa = PBXGroup;
			children = (
				DE649D372690C3F400B83BF6 /* Assets.xcassets */,
				DEA196112690E98000E77AFE /* AudioMonitor.swift */,
				DE91764A26916A7500EE9212 /* AudioView.swift */,
				DE4382AC26914EF300C0C928 /* ButtonStyles */,
				DE649D352690C3F300B83BF6 /* ContentView.swift */,
				DEA195F72690E61E00E77AFE /* FileUtil.swift */,
				DE649D3C2690C3F400B83BF6 /* Info.plist */,
				DEA1960D2690E85100E77AFE /* Logger.swift */,
				DE51C99A269155F1009191F5 /* PlusMinusButtonsView.swift */,
				DE51C99C26915B99009191F5 /* PowerMuteButtonsView.swift */,
				DE649D392690C3F400B83BF6 /* Preview Content */,
				DE649D332690C3F300B83BF6 /* RemyApp.swift */,
				DEA196042690E80200E77AFE /* Settings */,
				DEA195FB2690E6C700E77AFE /* TVResponse.swift */,
				DEA195FD2690E72C00E77AFE /* TVService.swift */,
				DEA1960B2690E82F00E77AFE /* TVServiceError.swift */,
				DE9176502691868900EE9212 /* UIApplicationExtension.swift */,
			);
			path = Remy;
			sourceTree = "<group>";
		};
		DE649D392690C3F400B83BF6 /* Preview Content */ = {
			isa = PBXGroup;
			children = (
				DE649D3A2690C3F400B83BF6 /* Preview Assets.xcassets */,
			);
			path = "Preview Content";
			sourceTree = "<group>";
		};
		DE649D442690C3F400B83BF6 /* RemyTests */ = {
			isa = PBXGroup;
			children = (
				DE91764C26916F8400EE9212 /* AudioViewTests.swift */,
				DE27977C2690D193001BBE36 /* ErrorTests.swift */,
				DEA195F52690E5F000E77AFE /* FileUtilTests.swift */,
				DE649D472690C3F400B83BF6 /* Info.plist */,
				DEA195F92690E6B200E77AFE /* TVResponseTests.swift */,
				DEA1960F2690E89C00E77AFE /* TVServiceErrorTests.swift */,
				DEA195FF2690E75200E77AFE /* TVServiceTests.swift */,
			);
			path = RemyTests;
			sourceTree = "<group>";
		};
		DE649D4F2690C3F400B83BF6 /* RemyUITests */ = {
			isa = PBXGroup;
			children = (
				DE649D502690C3F400B83BF6 /* RemyUITests.swift */,
				DE649D522690C3F400B83BF6 /* Info.plist */,
			);
			path = RemyUITests;
			sourceTree = "<group>";
		};
		DEA196042690E80200E77AFE /* Settings */ = {
			isa = PBXGroup;
			children = (
				DEA196052690E80200E77AFE /* SettingsModel.swift */,
				DE91764E2691715500EE9212 /* SettingsView.swift */,
				DE75E76226919AAD002421C5 /* SettingsViewModifier.swift */,
			);
			path = Settings;
			sourceTree = "<group>";
		};
/* End PBXGroup section */

/* Begin PBXNativeTarget section */
		DE649D2F2690C3F300B83BF6 /* Remy */ = {
			isa = PBXNativeTarget;
			buildConfigurationList = DE649D552690C3F400B83BF6 /* Build configuration list for PBXNativeTarget "Remy" */;
			buildPhases = (
				DE649D2C2690C3F300B83BF6 /* Sources */,
				DE649D2D2690C3F300B83BF6 /* Frameworks */,
				DE649D2E2690C3F300B83BF6 /* Resources */,
			);
			buildRules = (
			);
			dependencies = (
			);
			name = Remy;
			productName = Remy;
			productReference = DE649D302690C3F300B83BF6 /* Remy.app */;
			productType = "com.apple.product-type.application";
		};
		DE649D402690C3F400B83BF6 /* RemyTests */ = {
			isa = PBXNativeTarget;
			buildConfigurationList = DE649D582690C3F400B83BF6 /* Build configuration list for PBXNativeTarget "RemyTests" */;
			buildPhases = (
				DE649D3D2690C3F400B83BF6 /* Sources */,
				DE649D3E2690C3F400B83BF6 /* Frameworks */,
				DE649D3F2690C3F400B83BF6 /* Resources */,
			);
			buildRules = (
			);
			dependencies = (
				DE649D432690C3F400B83BF6 /* PBXTargetDependency */,
			);
			name = RemyTests;
			productName = RemyTests;
			productReference = DE649D412690C3F400B83BF6 /* RemyTests.xctest */;
			productType = "com.apple.product-type.bundle.unit-test";
		};
		DE649D4B2690C3F400B83BF6 /* RemyUITests */ = {
			isa = PBXNativeTarget;
			buildConfigurationList = DE649D5B2690C3F400B83BF6 /* Build configuration list for PBXNativeTarget "RemyUITests" */;
			buildPhases = (
				DE649D482690C3F400B83BF6 /* Sources */,
				DE649D492690C3F400B83BF6 /* Frameworks */,
				DE649D4A2690C3F400B83BF6 /* Resources */,
			);
			buildRules = (
			);
			dependencies = (
				DE649D4E2690C3F400B83BF6 /* PBXTargetDependency */,
			);
			name = RemyUITests;
			productName = RemyUITests;
			productReference = DE649D4C2690C3F400B83BF6 /* RemyUITests.xctest */;
			productType = "com.apple.product-type.bundle.ui-testing";
		};
/* End PBXNativeTarget section */

/* Begin PBXProject section */
		DE649D282690C3F300B83BF6 /* Project object */ = {
			isa = PBXProject;
			attributes = {
				LastSwiftUpdateCheck = 1250;
				LastUpgradeCheck = 1250;
				TargetAttributes = {
					DE649D2F2690C3F300B83BF6 = {
						CreatedOnToolsVersion = 12.5.1;
					};
					DE649D402690C3F400B83BF6 = {
						CreatedOnToolsVersion = 12.5.1;
						TestTargetID = DE649D2F2690C3F300B83BF6;
					};
					DE649D4B2690C3F400B83BF6 = {
						CreatedOnToolsVersion = 12.5.1;
						TestTargetID = DE649D2F2690C3F300B83BF6;
					};
				};
			};
			buildConfigurationList = DE649D2B2690C3F300B83BF6 /* Build configuration list for PBXProject "Remy" */;
			compatibilityVersion = "Xcode 9.3";
			developmentRegion = en;
			hasScannedForEncodings = 0;
			knownRegions = (
				en,
				Base,
			);
			mainGroup = DE649D272690C3F300B83BF6;
			productRefGroup = DE649D312690C3F300B83BF6 /* Products */;
			projectDirPath = "";
			projectRoot = "";
			targets = (
				DE649D2F2690C3F300B83BF6 /* Remy */,
				DE649D402690C3F400B83BF6 /* RemyTests */,
				DE649D4B2690C3F400B83BF6 /* RemyUITests */,
			);
		};
/* End PBXProject section */

/* Begin PBXResourcesBuildPhase section */
		DE649D2E2690C3F300B83BF6 /* Resources */ = {
			isa = PBXResourcesBuildPhase;
			buildActionMask = 2147483647;
			files = (
				DE649D3B2690C3F400B83BF6 /* Preview Assets.xcassets in Resources */,
				DE4A497A2690EC8900941525 /* README.md in Resources */,
				DE4A49782690EC7C00941525 /* LICENSE in Resources */,
				DE649D382690C3F400B83BF6 /* Assets.xcassets in Resources */,
			);
			runOnlyForDeploymentPostprocessing = 0;
		};
		DE649D3F2690C3F400B83BF6 /* Resources */ = {
			isa = PBXResourcesBuildPhase;
			buildActionMask = 2147483647;
			files = (
			);
			runOnlyForDeploymentPostprocessing = 0;
		};
		DE649D4A2690C3F400B83BF6 /* Resources */ = {
			isa = PBXResourcesBuildPhase;
			buildActionMask = 2147483647;
			files = (
			);
			runOnlyForDeploymentPostprocessing = 0;
		};
/* End PBXResourcesBuildPhase section */

/* Begin PBXSourcesBuildPhase section */
		DE649D2C2690C3F300B83BF6 /* Sources */ = {
			isa = PBXSourcesBuildPhase;
			buildActionMask = 2147483647;
			files = (
				DEA196082690E80200E77AFE /* SettingsModel.swift in Sources */,
				DE91764B26916A7500EE9212 /* AudioView.swift in Sources */,
				DEA195FC2690E6C700E77AFE /* TVResponse.swift in Sources */,
				DEA195FE2690E72C00E77AFE /* TVService.swift in Sources */,
				DEA196122690E98000E77AFE /* AudioMonitor.swift in Sources */,
				DEA195F82690E61E00E77AFE /* FileUtil.swift in Sources */,
				DEA1960E2690E85100E77AFE /* Logger.swift in Sources */,
				DE4382AB26914C9500C0C928 /* WideButtonStyle.swift in Sources */,
				DE51C99D26915B99009191F5 /* PowerMuteButtonsView.swift in Sources */,
				DE91764F2691715500EE9212 /* SettingsView.swift in Sources */,
				DE75E76326919AAD002421C5 /* SettingsViewModifier.swift in Sources */,
				DEA1960C2690E82F00E77AFE /* TVServiceError.swift in Sources */,
				DE51C99B269155F1009191F5 /* PlusMinusButtonsView.swift in Sources */,
				DE9176512691868900EE9212 /* UIApplicationExtension.swift in Sources */,
				DE649D362690C3F300B83BF6 /* ContentView.swift in Sources */,
				DE649D342690C3F300B83BF6 /* RemyApp.swift in Sources */,
				DED3FB1A2690F37B00248463 /* BigButtonStyle.swift in Sources */,
			);
			runOnlyForDeploymentPostprocessing = 0;
		};
		DE649D3D2690C3F400B83BF6 /* Sources */ = {
			isa = PBXSourcesBuildPhase;
			buildActionMask = 2147483647;
			files = (
				DEA196002690E75200E77AFE /* TVServiceTests.swift in Sources */,
				DEA195FA2690E6B200E77AFE /* TVResponseTests.swift in Sources */,
				DEA196102690E89C00E77AFE /* TVServiceErrorTests.swift in Sources */,
				DE91764D26916F8400EE9212 /* AudioViewTests.swift in Sources */,
				DEA195F62690E5F000E77AFE /* FileUtilTests.swift in Sources */,
				DE27977D2690D193001BBE36 /* ErrorTests.swift in Sources */,
			);
			runOnlyForDeploymentPostprocessing = 0;
		};
		DE649D482690C3F400B83BF6 /* Sources */ = {
			isa = PBXSourcesBuildPhase;
			buildActionMask = 2147483647;
			files = (
				DE649D512690C3F400B83BF6 /* RemyUITests.swift in Sources */,
			);
			runOnlyForDeploymentPostprocessing = 0;
		};
/* End PBXSourcesBuildPhase section */

/* Begin PBXTargetDependency section */
		DE649D432690C3F400B83BF6 /* PBXTargetDependency */ = {
			isa = PBXTargetDependency;
			target = DE649D2F2690C3F300B83BF6 /* Remy */;
			targetProxy = DE649D422690C3F400B83BF6 /* PBXContainerItemProxy */;
		};
		DE649D4E2690C3F400B83BF6 /* PBXTargetDependency */ = {
			isa = PBXTargetDependency;
			target = DE649D2F2690C3F300B83BF6 /* Remy */;
			targetProxy = DE649D4D2690C3F400B83BF6 /* PBXContainerItemProxy */;
		};
/* End PBXTargetDependency section */

/* Begin XCBuildConfiguration section */
		DE649D532690C3F400B83BF6 /* Debug */ = {
			isa = XCBuildConfiguration;
			buildSettings = {
				ALWAYS_SEARCH_USER_PATHS = NO;
				CLANG_ANALYZER_NONNULL = YES;
				CLANG_ANALYZER_NUMBER_OBJECT_CONVERSION = YES_AGGRESSIVE;
				CLANG_CXX_LANGUAGE_STANDARD = "gnu++14";
				CLANG_CXX_LIBRARY = "libc++";
				CLANG_ENABLE_MODULES = YES;
				CLANG_ENABLE_OBJC_ARC = YES;
				CLANG_ENABLE_OBJC_WEAK = YES;
				CLANG_WARN_BLOCK_CAPTURE_AUTORELEASING = YES;
				CLANG_WARN_BOOL_CONVERSION = YES;
				CLANG_WARN_COMMA = YES;
				CLANG_WARN_CONSTANT_CONVERSION = YES;
				CLANG_WARN_DEPRECATED_OBJC_IMPLEMENTATIONS = YES;
				CLANG_WARN_DIRECT_OBJC_ISA_USAGE = YES_ERROR;
				CLANG_WARN_DOCUMENTATION_COMMENTS = YES;
				CLANG_WARN_EMPTY_BODY = YES;
				CLANG_WARN_ENUM_CONVERSION = YES;
				CLANG_WARN_INFINITE_RECURSION = YES;
				CLANG_WARN_INT_CONVERSION = YES;
				CLANG_WARN_NON_LITERAL_NULL_CONVERSION = YES;
				CLANG_WARN_OBJC_IMPLICIT_RETAIN_SELF = YES;
				CLANG_WARN_OBJC_LITERAL_CONVERSION = YES;
				CLANG_WARN_OBJC_ROOT_CLASS = YES_ERROR;
				CLANG_WARN_QUOTED_INCLUDE_IN_FRAMEWORK_HEADER = YES;
				CLANG_WARN_RANGE_LOOP_ANALYSIS = YES;
				CLANG_WARN_STRICT_PROTOTYPES = YES;
				CLANG_WARN_SUSPICIOUS_MOVE = YES;
				CLANG_WARN_UNGUARDED_AVAILABILITY = YES_AGGRESSIVE;
				CLANG_WARN_UNREACHABLE_CODE = YES;
				CLANG_WARN__DUPLICATE_METHOD_MATCH = YES;
				COPY_PHASE_STRIP = NO;
				DEBUG_INFORMATION_FORMAT = dwarf;
				ENABLE_STRICT_OBJC_MSGSEND = YES;
				ENABLE_TESTABILITY = YES;
				GCC_C_LANGUAGE_STANDARD = gnu11;
				GCC_DYNAMIC_NO_PIC = NO;
				GCC_NO_COMMON_BLOCKS = YES;
				GCC_OPTIMIZATION_LEVEL = 0;
				GCC_PREPROCESSOR_DEFINITIONS = (
					"DEBUG=1",
					"$(inherited)",
				);
				GCC_WARN_64_TO_32_BIT_CONVERSION = YES;
				GCC_WARN_ABOUT_RETURN_TYPE = YES_ERROR;
				GCC_WARN_UNDECLARED_SELECTOR = YES;
				GCC_WARN_UNINITIALIZED_AUTOS = YES_AGGRESSIVE;
				GCC_WARN_UNUSED_FUNCTION = YES;
				GCC_WARN_UNUSED_VARIABLE = YES;
				IPHONEOS_DEPLOYMENT_TARGET = 14.5;
				MTL_ENABLE_DEBUG_INFO = INCLUDE_SOURCE;
				MTL_FAST_MATH = YES;
				ONLY_ACTIVE_ARCH = YES;
				SDKROOT = iphoneos;
				SWIFT_ACTIVE_COMPILATION_CONDITIONS = DEBUG;
				SWIFT_OPTIMIZATION_LEVEL = "-Onone";
			};
			name = Debug;
		};
		DE649D542690C3F400B83BF6 /* Release */ = {
			isa = XCBuildConfiguration;
			buildSettings = {
				ALWAYS_SEARCH_USER_PATHS = NO;
				CLANG_ANALYZER_NONNULL = YES;
				CLANG_ANALYZER_NUMBER_OBJECT_CONVERSION = YES_AGGRESSIVE;
				CLANG_CXX_LANGUAGE_STANDARD = "gnu++14";
				CLANG_CXX_LIBRARY = "libc++";
				CLANG_ENABLE_MODULES = YES;
				CLANG_ENABLE_OBJC_ARC = YES;
				CLANG_ENABLE_OBJC_WEAK = YES;
				CLANG_WARN_BLOCK_CAPTURE_AUTORELEASING = YES;
				CLANG_WARN_BOOL_CONVERSION = YES;
				CLANG_WARN_COMMA = YES;
				CLANG_WARN_CONSTANT_CONVERSION = YES;
				CLANG_WARN_DEPRECATED_OBJC_IMPLEMENTATIONS = YES;
				CLANG_WARN_DIRECT_OBJC_ISA_USAGE = YES_ERROR;
				CLANG_WARN_DOCUMENTATION_COMMENTS = YES;
				CLANG_WARN_EMPTY_BODY = YES;
				CLANG_WARN_ENUM_CONVERSION = YES;
				CLANG_WARN_INFINITE_RECURSION = YES;
				CLANG_WARN_INT_CONVERSION = YES;
				CLANG_WARN_NON_LITERAL_NULL_CONVERSION = YES;
				CLANG_WARN_OBJC_IMPLICIT_RETAIN_SELF = YES;
				CLANG_WARN_OBJC_LITERAL_CONVERSION = YES;
				CLANG_WARN_OBJC_ROOT_CLASS = YES_ERROR;
				CLANG_WARN_QUOTED_INCLUDE_IN_FRAMEWORK_HEADER = YES;
				CLANG_WARN_RANGE_LOOP_ANALYSIS = YES;
				CLANG_WARN_STRICT_PROTOTYPES = YES;
				CLANG_WARN_SUSPICIOUS_MOVE = YES;
				CLANG_WARN_UNGUARDED_AVAILABILITY = YES_AGGRESSIVE;
				CLANG_WARN_UNREACHABLE_CODE = YES;
				CLANG_WARN__DUPLICATE_METHOD_MATCH = YES;
				COPY_PHASE_STRIP = NO;
				DEBUG_INFORMATION_FORMAT = "dwarf-with-dsym";
				ENABLE_NS_ASSERTIONS = NO;
				ENABLE_STRICT_OBJC_MSGSEND = YES;
				GCC_C_LANGUAGE_STANDARD = gnu11;
				GCC_NO_COMMON_BLOCKS = YES;
				GCC_WARN_64_TO_32_BIT_CONVERSION = YES;
				GCC_WARN_ABOUT_RETURN_TYPE = YES_ERROR;
				GCC_WARN_UNDECLARED_SELECTOR = YES;
				GCC_WARN_UNINITIALIZED_AUTOS = YES_AGGRESSIVE;
				GCC_WARN_UNUSED_FUNCTION = YES;
				GCC_WARN_UNUSED_VARIABLE = YES;
				IPHONEOS_DEPLOYMENT_TARGET = 14.5;
				MTL_ENABLE_DEBUG_INFO = NO;
				MTL_FAST_MATH = YES;
				SDKROOT = iphoneos;
				SWIFT_COMPILATION_MODE = wholemodule;
				SWIFT_OPTIMIZATION_LEVEL = "-O";
				VALIDATE_PRODUCT = YES;
			};
			name = Release;
		};
		DE649D562690C3F400B83BF6 /* Debug */ = {
			isa = XCBuildConfiguration;
			buildSettings = {
				ASSETCATALOG_COMPILER_APPICON_NAME = AppIcon;
				ASSETCATALOG_COMPILER_GLOBAL_ACCENT_COLOR_NAME = AccentColor;
				CODE_SIGN_STYLE = Automatic;
				DEVELOPMENT_ASSET_PATHS = "\"Remy/Preview Content\"";
				DEVELOPMENT_TEAM = J2LXK9FK3W;
				ENABLE_PREVIEWS = YES;
				INFOPLIST_FILE = Remy/Info.plist;
				IPHONEOS_DEPLOYMENT_TARGET = 14.0;
				LD_RUNPATH_SEARCH_PATHS = (
					"$(inherited)",
					"@executable_path/Frameworks",
				);
				PRODUCT_BUNDLE_IDENTIFIER = com.beepscore.Remy;
				PRODUCT_NAME = "$(TARGET_NAME)";
				SWIFT_VERSION = 5.0;
				TARGETED_DEVICE_FAMILY = "1,2";
			};
			name = Debug;
		};
		DE649D572690C3F400B83BF6 /* Release */ = {
			isa = XCBuildConfiguration;
			buildSettings = {
				ASSETCATALOG_COMPILER_APPICON_NAME = AppIcon;
				ASSETCATALOG_COMPILER_GLOBAL_ACCENT_COLOR_NAME = AccentColor;
				CODE_SIGN_STYLE = Automatic;
				DEVELOPMENT_ASSET_PATHS = "\"Remy/Preview Content\"";
				DEVELOPMENT_TEAM = J2LXK9FK3W;
				ENABLE_PREVIEWS = YES;
				INFOPLIST_FILE = Remy/Info.plist;
				IPHONEOS_DEPLOYMENT_TARGET = 14.0;
				LD_RUNPATH_SEARCH_PATHS = (
					"$(inherited)",
					"@executable_path/Frameworks",
				);
				PRODUCT_BUNDLE_IDENTIFIER = com.beepscore.Remy;
				PRODUCT_NAME = "$(TARGET_NAME)";
				SWIFT_VERSION = 5.0;
				TARGETED_DEVICE_FAMILY = "1,2";
			};
			name = Release;
		};
		DE649D592690C3F400B83BF6 /* Debug */ = {
			isa = XCBuildConfiguration;
			buildSettings = {
				ALWAYS_EMBED_SWIFT_STANDARD_LIBRARIES = YES;
				BUNDLE_LOADER = "$(TEST_HOST)";
				CODE_SIGN_STYLE = Automatic;
				DEVELOPMENT_TEAM = J2LXK9FK3W;
				INFOPLIST_FILE = RemyTests/Info.plist;
				IPHONEOS_DEPLOYMENT_TARGET = 14.0;
				LD_RUNPATH_SEARCH_PATHS = (
					"$(inherited)",
					"@executable_path/Frameworks",
					"@loader_path/Frameworks",
				);
				PRODUCT_BUNDLE_IDENTIFIER = com.beepscore.RemyTests;
				PRODUCT_NAME = "$(TARGET_NAME)";
				SWIFT_VERSION = 5.0;
				TARGETED_DEVICE_FAMILY = "1,2";
				TEST_HOST = "$(BUILT_PRODUCTS_DIR)/Remy.app/Remy";
			};
			name = Debug;
		};
		DE649D5A2690C3F400B83BF6 /* Release */ = {
			isa = XCBuildConfiguration;
			buildSettings = {
				ALWAYS_EMBED_SWIFT_STANDARD_LIBRARIES = YES;
				BUNDLE_LOADER = "$(TEST_HOST)";
				CODE_SIGN_STYLE = Automatic;
				DEVELOPMENT_TEAM = J2LXK9FK3W;
				INFOPLIST_FILE = RemyTests/Info.plist;
				IPHONEOS_DEPLOYMENT_TARGET = 14.0;
				LD_RUNPATH_SEARCH_PATHS = (
					"$(inherited)",
					"@executable_path/Frameworks",
					"@loader_path/Frameworks",
				);
				PRODUCT_BUNDLE_IDENTIFIER = com.beepscore.RemyTests;
				PRODUCT_NAME = "$(TARGET_NAME)";
				SWIFT_VERSION = 5.0;
				TARGETED_DEVICE_FAMILY = "1,2";
				TEST_HOST = "$(BUILT_PRODUCTS_DIR)/Remy.app/Remy";
			};
			name = Release;
		};
		DE649D5C2690C3F400B83BF6 /* Debug */ = {
			isa = XCBuildConfiguration;
			buildSettings = {
				ALWAYS_EMBED_SWIFT_STANDARD_LIBRARIES = YES;
				CODE_SIGN_STYLE = Automatic;
				DEVELOPMENT_TEAM = J2LXK9FK3W;
				INFOPLIST_FILE = RemyUITests/Info.plist;
				LD_RUNPATH_SEARCH_PATHS = (
					"$(inherited)",
					"@executable_path/Frameworks",
					"@loader_path/Frameworks",
				);
				PRODUCT_BUNDLE_IDENTIFIER = com.beepscore.RemyUITests;
				PRODUCT_NAME = "$(TARGET_NAME)";
				SWIFT_VERSION = 5.0;
				TARGETED_DEVICE_FAMILY = "1,2";
				TEST_TARGET_NAME = Remy;
			};
			name = Debug;
		};
		DE649D5D2690C3F400B83BF6 /* Release */ = {
			isa = XCBuildConfiguration;
			buildSettings = {
				ALWAYS_EMBED_SWIFT_STANDARD_LIBRARIES = YES;
				CODE_SIGN_STYLE = Automatic;
				DEVELOPMENT_TEAM = J2LXK9FK3W;
				INFOPLIST_FILE = RemyUITests/Info.plist;
				LD_RUNPATH_SEARCH_PATHS = (
					"$(inherited)",
					"@executable_path/Frameworks",
					"@loader_path/Frameworks",
				);
				PRODUCT_BUNDLE_IDENTIFIER = com.beepscore.RemyUITests;
				PRODUCT_NAME = "$(TARGET_NAME)";
				SWIFT_VERSION = 5.0;
				TARGETED_DEVICE_FAMILY = "1,2";
				TEST_TARGET_NAME = Remy;
			};
			name = Release;
		};
/* End XCBuildConfiguration section */

/* Begin XCConfigurationList section */
		DE649D2B2690C3F300B83BF6 /* Build configuration list for PBXProject "Remy" */ = {
			isa = XCConfigurationList;
			buildConfigurations = (
				DE649D532690C3F400B83BF6 /* Debug */,
				DE649D542690C3F400B83BF6 /* Release */,
			);
			defaultConfigurationIsVisible = 0;
			defaultConfigurationName = Release;
		};
		DE649D552690C3F400B83BF6 /* Build configuration list for PBXNativeTarget "Remy" */ = {
			isa = XCConfigurationList;
			buildConfigurations = (
				DE649D562690C3F400B83BF6 /* Debug */,
				DE649D572690C3F400B83BF6 /* Release */,
			);
			defaultConfigurationIsVisible = 0;
			defaultConfigurationName = Release;
		};
		DE649D582690C3F400B83BF6 /* Build configuration list for PBXNativeTarget "RemyTests" */ = {
			isa = XCConfigurationList;
			buildConfigurations = (
				DE649D592690C3F400B83BF6 /* Debug */,
				DE649D5A2690C3F400B83BF6 /* Release */,
			);
			defaultConfigurationIsVisible = 0;
			defaultConfigurationName = Release;
		};
		DE649D5B2690C3F400B83BF6 /* Build configuration list for PBXNativeTarget "RemyUITests" */ = {
			isa = XCConfigurationList;
			buildConfigurations = (
				DE649D5C2690C3F400B83BF6 /* Debug */,
				DE649D5D2690C3F400B83BF6 /* Release */,
			);
			defaultConfigurationIsVisible = 0;
			defaultConfigurationName = Release;
		};
/* End XCConfigurationList section */
	};
	rootObject = DE649D282690C3F300B83BF6 /* Project object */;
}
